
Microsoft Visual Studio Solution File, Format Version 12.00
# Visual Studio Version 17
VisualStudioVersion = 17.2.32630.192
MinimumVisualStudioVersion = 10.0.40219.1
Project("{FAE04EC0-301F-11D3-BF4B-00C04F79EFBC}") = "UnitypackgeExtractor", "UnitypackgeExtractor.csproj", "{0B756574-5BF5-4F62-942B-C4943BF81B0B}"
EndProject
Global
	GlobalSection(SolutionConfigurationPlatforms) = preSolution
		Debug|Any CPU = Debug|Any CPU
		Release|Any CPU = Release|Any CPU
	EndGlobalSection
	GlobalSection(ProjectConfigurationPlatforms) = postSolution
		{0B756574-5BF5-4F62-942B-C4943BF81B0B}.Debug|Any CPU.ActiveCfg = Debug|Any CPU
		{0B756574-5BF5-4F62-942B-C4943BF81B0B}.Debug|Any CPU.Build.0 = Debug|Any CPU
		{0B756574-5BF5-4F62-942B-C4943BF81B0B}.Release|Any CPU.ActiveCfg = Release|Any CPU
		{0B756574-5BF5-4F62-942B-C4943BF81B0B}.Release|Any CPU.Build.0 = Release|Any CPU
	EndGlobalSection
	GlobalSection(SolutionProperties) = preSolution
		HideSolutionNode = FALSE
	EndGlobalSection
	GlobalSection(ExtensibilityGlobals) = postSolution
		SolutionGuid = {01D36BD7-3147-4D6C-863E-677B9653C534}
	EndGlobalSection
EndGlobal
